{
  "requires": true,
  "lockfileVersion": 1,
  "dependencies": {
    "line-message-builder": {
      "version": "1.0.1",
      "resolved": "https://registry.npmjs.org/line-message-builder/-/line-message-builder-1.0.1.tgz",
      "integrity": "sha512-z94C60QGwgeEgjIoULmWK5l5x9owR/zZyRUE3OKyvhozbbz1q3BP4tSRB9vfNQA5fq+yIam/f8DDv46LZPzsrA=="
    }
  }
}
